// !$*UTF8*$!
{
	archiveVersion = 1;
	classes = {
	};
	objectVersion = 48;
	objects = {

/* Begin PBXBuildFile section */
		432E05F281A2F728ADB1FCA5 /* libPods-JRNavigationPageVCDemo.a in Frameworks */ = {isa = PBXBuildFile; fileRef = 9142EB5E904B946C2D371F60 /* libPods-JRNavigationPageVCDemo.a */; };
		B42C40AD1F1718D200E033BD /* OCViewController.m in Sources */ = {isa = PBXBuildFile; fileRef = B42C40AC1F1718D200E033BD /* OCViewController.m */; };
		B42C40B51F172B2400E033BD /* SwiftViewController.swift in Sources */ = {isa = PBXBuildFile; fileRef = B42C40B41F172B2400E033BD /* SwiftViewController.swift */; };
		B4804C471F14D51100E639AB /* AppDelegate.m in Sources */ = {isa = PBXBuildFile; fileRef = B4804C461F14D51100E639AB /* AppDelegate.m */; };
		B4804C4F1F14D51100E639AB /* Assets.xcassets in Resources */ = {isa = PBXBuildFile; fileRef = B4804C4E1F14D51100E639AB /* Assets.xcassets */; };
		B4804C521F14D51100E639AB /* LaunchScreen.storyboard in Resources */ = {isa = PBXBuildFile; fileRef = B4804C501F14D51100E639AB /* LaunchScreen.storyboard */; };
		B4804C551F14D51100E639AB /* main.m in Sources */ = {isa = PBXBuildFile; fileRef = B4804C541F14D51100E639AB /* main.m */; };
		B4804C651F14D78100E639AB /* JRNavigationPageViewController.m in Sources */ = {isa = PBXBuildFile; fileRef = B4804C5E1F14D77300E639AB /* JRNavigationPageViewController.m */; };
		B4804C661F14D78700E639AB /* JRTabScrollView.m in Sources */ = {isa = PBXBuildFile; fileRef = B4804C621F14D77300E639AB /* JRTabScrollView.m */; };
		B4804C671F14D78900E639AB /* JRTabView.m in Sources */ = {isa = PBXBuildFile; fileRef = B4804C641F14D77300E639AB /* JRTabView.m */; };
/* End PBXBuildFile section */

/* Begin PBXFileReference section */
		20D4FE6AA9FCB89ABA8A5054 /* Pods-JRNavigationPageVCDemo.release.xcconfig */ = {isa = PBXFileReference; includeInIndex = 1; lastKnownFileType = text.xcconfig; name = "Pods-JRNavigationPageVCDemo.release.xcconfig"; path = "Pods/Target Support Files/Pods-JRNavigationPageVCDemo/Pods-JRNavigationPageVCDemo.release.xcconfig"; sourceTree = "<group>"; };
		9142EB5E904B946C2D371F60 /* libPods-JRNavigationPageVCDemo.a */ = {isa = PBXFileReference; explicitFileType = archive.ar; includeInIndex = 0; path = "libPods-JRNavigationPageVCDemo.a"; sourceTree = BUILT_PRODUCTS_DIR; };
		B42C40AB1F1718D200E033BD /* OCViewController.h */ = {isa = PBXFileReference; lastKnownFileType = sourcecode.c.h; path = OCViewController.h; sourceTree = "<group>"; };
		B42C40AC1F1718D200E033BD /* OCViewController.m */ = {isa = PBXFileReference; lastKnownFileType = sourcecode.c.objc; path = OCViewController.m; sourceTree = "<group>"; };
		B42C40B11F17268C00E033BD /* JRNavigationPageVCDemo-Bridging-Header.h */ = {isa = PBXFileReference; lastKnownFileType = sourcecode.c.h; path = "JRNavigationPageVCDemo-Bridging-Header.h"; sourceTree = "<group>"; };
		B42C40B41F172B2400E033BD /* SwiftViewController.swift */ = {isa = PBXFileReference; lastKnownFileType = sourcecode.swift; path = SwiftViewController.swift; sourceTree = "<group>"; };
		B4804C421F14D51100E639AB /* JRNavigationPageVCDemo.app */ = {isa = PBXFileReference; explicitFileType = wrapper.application; includeInIndex = 0; path = JRNavigationPageVCDemo.app; sourceTree = BUILT_PRODUCTS_DIR; };
		B4804C451F14D51100E639AB /* AppDelegate.h */ = {isa = PBXFileReference; lastKnownFileType = sourcecode.c.h; path = AppDelegate.h; sourceTree = "<group>"; };
		B4804C461F14D51100E639AB /* AppDelegate.m */ = {isa = PBXFileReference; lastKnownFileType = sourcecode.c.objc; path = AppDelegate.m; sourceTree = "<group>"; };
		B4804C4E1F14D51100E639AB /* Assets.xcassets */ = {isa = PBXFileReference; lastKnownFileType = folder.assetcatalog; path = Assets.xcassets; sourceTree = "<group>"; };
		B4804C511F14D51100E639AB /* Base */ = {isa = PBXFileReference; lastKnownFileType = file.storyboard; name = Base; path = Base.lproj/LaunchScreen.storyboard; sourceTree = "<group>"; };
		B4804C531F14D51100E639AB /* Info.plist */ = {isa = PBXFileReference; lastKnownFileType = text.plist.xml; path = Info.plist; sourceTree = "<group>"; };
		B4804C541F14D51100E639AB /* main.m */ = {isa = PBXFileReference; lastKnownFileType = sourcecode.c.objc; path = main.m; sourceTree = "<group>"; };
		B4804C5D1F14D77300E639AB /* JRNavigationPageViewController.h */ = {isa = PBXFileReference; lastKnownFileType = sourcecode.c.h; path = JRNavigationPageViewController.h; sourceTree = "<group>"; };
		B4804C5E1F14D77300E639AB /* JRNavigationPageViewController.m */ = {isa = PBXFileReference; lastKnownFileType = sourcecode.c.objc; path = JRNavigationPageViewController.m; sourceTree = "<group>"; };
		B4804C611F14D77300E639AB /* JRTabScrollView.h */ = {isa = PBXFileReference; lastKnownFileType = sourcecode.c.h; path = JRTabScrollView.h; sourceTree = "<group>"; };
		B4804C621F14D77300E639AB /* JRTabScrollView.m */ = {isa = PBXFileReference; lastKnownFileType = sourcecode.c.objc; path = JRTabScrollView.m; sourceTree = "<group>"; };
		B4804C631F14D77300E639AB /* JRTabView.h */ = {isa = PBXFileReference; lastKnownFileType = sourcecode.c.h; path = JRTabView.h; sourceTree = "<group>"; };
		B4804C641F14D77300E639AB /* JRTabView.m */ = {isa = PBXFileReference; lastKnownFileType = sourcecode.c.objc; path = JRTabView.m; sourceTree = "<group>"; };
		C8CD1818F78D548D9BC61CD6 /* Pods-JRNavigationPageVCDemo.debug.xcconfig */ = {isa = PBXFileReference; includeInIndex = 1; lastKnownFileType = text.xcconfig; name = "Pods-JRNavigationPageVCDemo.debug.xcconfig"; path = "Pods/Target Support Files/Pods-JRNavigationPageVCDemo/Pods-JRNavigationPageVCDemo.debug.xcconfig"; sourceTree = "<group>"; };
/* End PBXFileReference section */

/* Begin PBXFrameworksBuildPhase section */
		B4804C3F1F14D51100E639AB /* Frameworks */ = {
			isa = PBXFrameworksBuildPhase;
			buildActionMask = 2147483647;
			files = (
				432E05F281A2F728ADB1FCA5 /* libPods-JRNavigationPageVCDemo.a in Frameworks */,
			);
			runOnlyForDeploymentPostprocessing = 0;
		};
/* End PBXFrameworksBuildPhase section */

/* Begin PBXGroup section */
		B42C40A61F1718AC00E033BD /* OCViewController */ = {
			isa = PBXGroup;
			children = (
				B42C40A91F1718C500E033BD /* Controller */,
				B42C40AA1F1718C500E033BD /* Model */,
				B42C40A81F1718C500E033BD /* View */,
			);
			path = OCViewController;
			sourceTree = "<group>";
		};
		B42C40A71F1718AC00E033BD /* SwiftViewController */ = {
			isa = PBXGroup;
			children = (
				B42C40AF1F17266A00E033BD /* Controller */,
				B42C40AE1F17266A00E033BD /* Model */,
				B42C40B01F17266A00E033BD /* View */,
			);
			path = SwiftViewController;
			sourceTree = "<group>";
		};
		B42C40A81F1718C500E033BD /* View */ = {
			isa = PBXGroup;
			children = (
			);
			path = View;
			sourceTree = "<group>";
		};
		B42C40A91F1718C500E033BD /* Controller */ = {
			isa = PBXGroup;
			children = (
				B42C40AB1F1718D200E033BD /* OCViewController.h */,
				B42C40AC1F1718D200E033BD /* OCViewController.m */,
			);
			path = Controller;
			sourceTree = "<group>";
		};
		B42C40AA1F1718C500E033BD /* Model */ = {
			isa = PBXGroup;
			children = (
			);
			path = Model;
			sourceTree = "<group>";
		};
		B42C40AE1F17266A00E033BD /* Model */ = {
			isa = PBXGroup;
			children = (
			);
			path = Model;
			sourceTree = "<group>";
		};
		B42C40AF1F17266A00E033BD /* Controller */ = {
			isa = PBXGroup;
			children = (
				B42C40B11F17268C00E033BD /* JRNavigationPageVCDemo-Bridging-Header.h */,
				B42C40B41F172B2400E033BD /* SwiftViewController.swift */,
			);
			path = Controller;
			sourceTree = "<group>";
		};
		B42C40B01F17266A00E033BD /* View */ = {
			isa = PBXGroup;
			children = (
			);
			path = View;
			sourceTree = "<group>";
		};
		B4804C391F14D51100E639AB = {
			isa = PBXGroup;
			children = (
				B4804C441F14D51100E639AB /* JRNavigationPageVCDemo */,
				B4804C431F14D51100E639AB /* Products */,
				CB5E0FAB4EE911769D33ACFE /* Pods */,
				CFE392C6359CFE7D26BF8D3E /* Frameworks */,
			);
			sourceTree = "<group>";
		};
		B4804C431F14D51100E639AB /* Products */ = {
			isa = PBXGroup;
			children = (
				B4804C421F14D51100E639AB /* JRNavigationPageVCDemo.app */,
			);
			name = Products;
			sourceTree = "<group>";
		};
		B4804C441F14D51100E639AB /* JRNavigationPageVCDemo */ = {
			isa = PBXGroup;
			children = (
				B4804C5B1F14D77300E639AB /* JRNavigationPageViewController */,
				B4804C451F14D51100E639AB /* AppDelegate.h */,
				B4804C461F14D51100E639AB /* AppDelegate.m */,
				B42C40A61F1718AC00E033BD /* OCViewController */,
				B42C40A71F1718AC00E033BD /* SwiftViewController */,
				B4804C4E1F14D51100E639AB /* Assets.xcassets */,
				B4804C501F14D51100E639AB /* LaunchScreen.storyboard */,
				B4804C531F14D51100E639AB /* Info.plist */,
				B4804C541F14D51100E639AB /* main.m */,
			);
			path = JRNavigationPageVCDemo;
			sourceTree = "<group>";
		};
		B4804C5B1F14D77300E639AB /* JRNavigationPageViewController */ = {
			isa = PBXGroup;
			children = (
				B4804C5C1F14D77300E639AB /* Controller */,
				B4804C5F1F14D77300E639AB /* Model */,
				B4804C601F14D77300E639AB /* View */,
			);
			path = JRNavigationPageViewController;
			sourceTree = "<group>";
		};
		B4804C5C1F14D77300E639AB /* Controller */ = {
			isa = PBXGroup;
			children = (
				B4804C5D1F14D77300E639AB /* JRNavigationPageViewController.h */,
				B4804C5E1F14D77300E639AB /* JRNavigationPageViewController.m */,
			);
			path = Controller;
			sourceTree = "<group>";
		};
		B4804C5F1F14D77300E639AB /* Model */ = {
			isa = PBXGroup;
			children = (
			);
			path = Model;
			sourceTree = "<group>";
		};
		B4804C601F14D77300E639AB /* View */ = {
			isa = PBXGroup;
			children = (
				B4804C611F14D77300E639AB /* JRTabScrollView.h */,
				B4804C621F14D77300E639AB /* JRTabScrollView.m */,
				B4804C631F14D77300E639AB /* JRTabView.h */,
				B4804C641F14D77300E639AB /* JRTabView.m */,
			);
			path = View;
			sourceTree = "<group>";
		};
		CB5E0FAB4EE911769D33ACFE /* Pods */ = {
			isa = PBXGroup;
			children = (
				C8CD1818F78D548D9BC61CD6 /* Pods-JRNavigationPageVCDemo.debug.xcconfig */,
				20D4FE6AA9FCB89ABA8A5054 /* Pods-JRNavigationPageVCDemo.release.xcconfig */,
			);
			name = Pods;
			sourceTree = "<group>";
		};
		CFE392C6359CFE7D26BF8D3E /* Frameworks */ = {
			isa = PBXGroup;
			children = (
				9142EB5E904B946C2D371F60 /* libPods-JRNavigationPageVCDemo.a */,
			);
			name = Frameworks;
			sourceTree = "<group>";
		};
/* End PBXGroup section */

/* Begin PBXNativeTarget section */
		B4804C411F14D51100E639AB /* JRNavigationPageVCDemo */ = {
			isa = PBXNativeTarget;
			buildConfigurationList = B4804C581F14D51100E639AB /* Build configuration list for PBXNativeTarget "JRNavigationPageVCDemo" */;
			buildPhases = (
				F1D82787E3CF5E10ECAFA959 /* 📦 Check Pods Manifest.lock */,
				B4804C3E1F14D51100E639AB /* Sources */,
				B4804C3F1F14D51100E639AB /* Frameworks */,
				B4804C401F14D51100E639AB /* Resources */,
				0C1675393BBC48B89CC8B3D0 /* 📦 Embed Pods Frameworks */,
				15C3FCFB21348AA8EAA12C74 /* 📦 Copy Pods Resources */,
			);
			buildRules = (
			);
			dependencies = (
			);
			name = JRNavigationPageVCDemo;
			productName = JRNavigationPageVCDemo;
			productReference = B4804C421F14D51100E639AB /* JRNavigationPageVCDemo.app */;
			productType = "com.apple.product-type.application";
		};
/* End PBXNativeTarget section */

/* Begin PBXProject section */
		B4804C3A1F14D51100E639AB /* Project object */ = {
			isa = PBXProject;
			attributes = {
				LastUpgradeCheck = 0900;
				ORGANIZATIONNAME = JerryFans;
				TargetAttributes = {
					B4804C411F14D51100E639AB = {
						CreatedOnToolsVersion = 9.0;
						LastSwiftMigration = 0900;
					};
				};
			};
			buildConfigurationList = B4804C3D1F14D51100E639AB /* Build configuration list for PBXProject "JRNavigationPageVCDemo" */;
			compatibilityVersion = "Xcode 8.0";
			developmentRegion = en;
			hasScannedForEncodings = 0;
			knownRegions = (
				en,
				Base,
			);
			mainGroup = B4804C391F14D51100E639AB;
			productRefGroup = B4804C431F14D51100E639AB /* Products */;
			projectDirPath = "";
			projectRoot = "";
			targets = (
				B4804C411F14D51100E639AB /* JRNavigationPageVCDemo */,
			);
		};
/* End PBXProject section */

/* Begin PBXResourcesBuildPhase section */
		B4804C401F14D51100E639AB /* Resources */ = {
			isa = PBXResourcesBuildPhase;
			buildActionMask = 2147483647;
			files = (
				B4804C521F14D51100E639AB /* LaunchScreen.storyboard in Resources */,
				B4804C4F1F14D51100E639AB /* Assets.xcassets in Resources */,
			);
			runOnlyForDeploymentPostprocessing = 0;
		};
/* End PBXResourcesBuildPhase section */

/* Begin PBXShellScriptBuildPhase section */
		0C1675393BBC48B89CC8B3D0 /* 📦 Embed Pods Frameworks */ = {
			isa = PBXShellScriptBuildPhase;
			buildActionMask = 2147483647;
			files = (
			);
			inputPaths = (
			);
			name = "📦 Embed Pods Frameworks";
			outputPaths = (
			);
			runOnlyForDeploymentPostprocessing = 0;
			shellPath = /bin/sh;
			shellScript = "\"${SRCROOT}/Pods/Target Support Files/Pods-JRNavigationPageVCDemo/Pods-JRNavigationPageVCDemo-frameworks.sh\"\n";
			showEnvVarsInLog = 0;
		};
		15C3FCFB21348AA8EAA12C74 /* 📦 Copy Pods Resources */ = {
			isa = PBXShellScriptBuildPhase;
			buildActionMask = 2147483647;
			files = (
			);
			inputPaths = (
			);
			name = "📦 Copy Pods Resources";
			outputPaths = (
			);
			runOnlyForDeploymentPostprocessing = 0;
			shellPath = /bin/sh;
			shellScript = "\"${SRCROOT}/Pods/Target Support Files/Pods-JRNavigationPageVCDemo/Pods-JRNavigationPageVCDemo-resources.sh\"\n";
			showEnvVarsInLog = 0;
		};
		F1D82787E3CF5E10ECAFA959 /* 📦 Check Pods Manifest.lock */ = {
			isa = PBXShellScriptBuildPhase;
			buildActionMask = 2147483647;
			files = (
			);
			inputPaths = (
			);
			name = "📦 Check Pods Manifest.lock";
			outputPaths = (
			);
			runOnlyForDeploymentPostprocessing = 0;
			shellPath = /bin/sh;
			shellScript = "diff \"${PODS_ROOT}/../Podfile.lock\" \"${PODS_ROOT}/Manifest.lock\" > /dev/null\nif [[ $? != 0 ]] ; then\n    cat << EOM\nerror: The sandbox is not in sync with the Podfile.lock. Run 'pod install' or update your CocoaPods installation.\nEOM\n    exit 1\nfi\n";
			showEnvVarsInLog = 0;
		};
/* End PBXShellScriptBuildPhase section */

/* Begin PBXSourcesBuildPhase section */
		B4804C3E1F14D51100E639AB /* Sources */ = {
			isa = PBXSourcesBuildPhase;
			buildActionMask = 2147483647;
			files = (
				B4804C551F14D51100E639AB /* main.m in Sources */,
				B4804C671F14D78900E639AB /* JRTabView.m in Sources */,
				B42C40AD1F1718D200E033BD /* OCViewController.m in Sources */,
				B4804C651F14D78100E639AB /* JRNavigationPageViewController.m in Sources */,
				B4804C661F14D78700E639AB /* JRTabScrollView.m in Sources */,
				B4804C471F14D51100E639AB /* AppDelegate.m in Sources */,
				B42C40B51F172B2400E033BD /* SwiftViewController.swift in Sources */,
			);
			runOnlyForDeploymentPostprocessing = 0;
		};
/* End PBXSourcesBuildPhase section */

/* Begin PBXVariantGroup section */
		B4804C501F14D51100E639AB /* LaunchScreen.storyboard */ = {
			isa = PBXVariantGroup;
			children = (
				B4804C511F14D51100E639AB /* Base */,
			);
			name = LaunchScreen.storyboard;
			sourceTree = "<group>";
		};
/* End PBXVariantGroup section */

/* Begin XCBuildConfiguration section */
		B4804C561F14D51100E639AB /* Debug */ = {
			isa = XCBuildConfiguration;
			buildSettings = {
				ALWAYS_SEARCH_USER_PATHS = NO;
				CLANG_ANALYZER_NONNULL = YES;
				CLANG_ANALYZER_NUMBER_OBJECT_CONVERSION = YES_AGGRESSIVE;
				CLANG_CXX_LANGUAGE_STANDARD = "gnu++14";
				CLANG_CXX_LIBRARY = "libc++";
				CLANG_ENABLE_MODULES = YES;
				CLANG_ENABLE_OBJC_ARC = YES;
				CLANG_WARN_BLOCK_CAPTURE_AUTORELEASING = YES;
				CLANG_WARN_BOOL_CONVERSION = YES;
				CLANG_WARN_COMMA = YES;
				CLANG_WARN_CONSTANT_CONVERSION = YES;
				CLANG_WARN_DIRECT_OBJC_ISA_USAGE = YES_ERROR;
				CLANG_WARN_DOCUMENTATION_COMMENTS = YES;
				CLANG_WARN_EMPTY_BODY = YES;
				CLANG_WARN_ENUM_CONVERSION = YES;
				CLANG_WARN_INFINITE_RECURSION = YES;
				CLANG_WARN_INT_CONVERSION = YES;
				CLANG_WARN_OBJC_ROOT_CLASS = YES_ERROR;
				CLANG_WARN_RANGE_LOOP_ANALYSIS = YES;
				CLANG_WARN_STRICT_PROTOTYPES = YES;
				CLANG_WARN_SUSPICIOUS_MOVE = YES;
				CLANG_WARN_UNGUARDED_AVAILABILITY = YES_AGGRESSIVE;
				CLANG_WARN_UNREACHABLE_CODE = YES;
				CLANG_WARN__DUPLICATE_METHOD_MATCH = YES;
				CODE_SIGN_IDENTITY = "iPhone Developer";
				COPY_PHASE_STRIP = NO;
				DEBUG_INFORMATION_FORMAT = dwarf;
				ENABLE_STRICT_OBJC_MSGSEND = YES;
				ENABLE_TESTABILITY = YES;
				GCC_C_LANGUAGE_STANDARD = gnu11;
				GCC_DYNAMIC_NO_PIC = NO;
				GCC_NO_COMMON_BLOCKS = YES;
				GCC_OPTIMIZATION_LEVEL = 0;
				GCC_PREPROCESSOR_DEFINITIONS = (
					"DEBUG=1",
					"$(inherited)",
				);
				GCC_WARN_64_TO_32_BIT_CONVERSION = YES;
				GCC_WARN_ABOUT_RETURN_TYPE = YES_ERROR;
				GCC_WARN_UNDECLARED_SELECTOR = YES;
				GCC_WARN_UNINITIALIZED_AUTOS = YES_AGGRESSIVE;
				GCC_WARN_UNUSED_FUNCTION = YES;
				GCC_WARN_UNUSED_VARIABLE = YES;
				IPHONEOS_DEPLOYMENT_TARGET = 11.0;
				MTL_ENABLE_DEBUG_INFO = YES;
				ONLY_ACTIVE_ARCH = YES;
				SDKROOT = iphoneos;
			};
			name = Debug;
		};
		B4804C571F14D51100E639AB /* Release */ = {
			isa = XCBuildConfiguration;
			buildSettings = {
				ALWAYS_SEARCH_USER_PATHS = NO;
				CLANG_ANALYZER_NONNULL = YES;
				CLANG_ANALYZER_NUMBER_OBJECT_CONVERSION = YES_AGGRESSIVE;
				CLANG_CXX_LANGUAGE_STANDARD = "gnu++14";
				CLANG_CXX_LIBRARY = "libc++";
				CLANG_ENABLE_MODULES = YES;
				CLANG_ENABLE_OBJC_ARC = YES;
				CLANG_WARN_BLOCK_CAPTURE_AUTORELEASING = YES;
				CLANG_WARN_BOOL_CONVERSION = YES;
				CLANG_WARN_COMMA = YES;
				CLANG_WARN_CONSTANT_CONVERSION = YES;
				CLANG_WARN_DIRECT_OBJC_ISA_USAGE = YES_ERROR;
				CLANG_WARN_DOCUMENTATION_COMMENTS = YES;
				CLANG_WARN_EMPTY_BODY = YES;
				CLANG_WARN_ENUM_CONVERSION = YES;
				CLANG_WARN_INFINITE_RECURSION = YES;
				CLANG_WARN_INT_CONVERSION = YES;
				CLANG_WARN_OBJC_ROOT_CLASS = YES_ERROR;
				CLANG_WARN_RANGE_LOOP_ANALYSIS = YES;
				CLANG_WARN_STRICT_PROTOTYPES = YES;
				CLANG_WARN_SUSPICIOUS_MOVE = YES;
				CLANG_WARN_UNGUARDED_AVAILABILITY = YES_AGGRESSIVE;
				CLANG_WARN_UNREACHABLE_CODE = YES;
				CLANG_WARN__DUPLICATE_METHOD_MATCH = YES;
				CODE_SIGN_IDENTITY = "iPhone Developer";
				COPY_PHASE_STRIP = NO;
				DEBUG_INFORMATION_FORMAT = "dwarf-with-dsym";
				ENABLE_NS_ASSERTIONS = NO;
				ENABLE_STRICT_OBJC_MSGSEND = YES;
				GCC_C_LANGUAGE_STANDARD = gnu11;
				GCC_NO_COMMON_BLOCKS = YES;
				GCC_WARN_64_TO_32_BIT_CONVERSION = YES;
				GCC_WARN_ABOUT_RETURN_TYPE = YES_ERROR;
				GCC_WARN_UNDECLARED_SELECTOR = YES;
				GCC_WARN_UNINITIALIZED_AUTOS = YES_AGGRESSIVE;
				GCC_WARN_UNUSED_FUNCTION = YES;
				GCC_WARN_UNUSED_VARIABLE = YES;
				IPHONEOS_DEPLOYMENT_TARGET = 11.0;
				MTL_ENABLE_DEBUG_INFO = NO;
				SDKROOT = iphoneos;
				VALIDATE_PRODUCT = YES;
			};
			name = Release;
		};
		B4804C591F14D51100E639AB /* Debug */ = {
			isa = XCBuildConfiguration;
			baseConfigurationReference = C8CD1818F78D548D9BC61CD6 /* Pods-JRNavigationPageVCDemo.debug.xcconfig */;
			buildSettings = {
				ASSETCATALOG_COMPILER_APPICON_NAME = AppIcon;
				CLANG_ENABLE_MODULES = YES;
				DEVELOPMENT_TEAM = 4L75765R87;
				INFOPLIST_FILE = JRNavigationPageVCDemo/Info.plist;
				IPHONEOS_DEPLOYMENT_TARGET = 8.0;
				LD_RUNPATH_SEARCH_PATHS = "$(inherited) @executable_path/Frameworks";
				PRODUCT_BUNDLE_IDENTIFIER = JerryFans.JRNavigationPageVCDemo;
				PRODUCT_NAME = "$(TARGET_NAME)";
				SWIFT_OBJC_BRIDGING_HEADER = "JRNavigationPageVCDemo/SwiftViewController/Controller/JRNavigationPageVCDemo-Bridging-Header.h";
				SWIFT_OPTIMIZATION_LEVEL = "-Onone";
				SWIFT_VERSION = 4.0;
				TARGETED_DEVICE_FAMILY = "1,2";
			};
			name = Debug;
		};
		B4804C5A1F14D51100E639AB /* Release */ = {
			isa = XCBuildConfiguration;
			baseConfigurationReference = 20D4FE6AA9FCB89ABA8A5054 /* Pods-JRNavigationPageVCDemo.release.xcconfig */;
			buildSettings = {
				ASSETCATALOG_COMPILER_APPICON_NAME = AppIcon;
				CLANG_ENABLE_MODULES = YES;
				DEVELOPMENT_TEAM = 4L75765R87;
				INFOPLIST_FILE = JRNavigationPageVCDemo/Info.plist;
				IPHONEOS_DEPLOYMENT_TARGET = 8.0;
				LD_RUNPATH_SEARCH_PATHS = "$(inherited) @executable_path/Frameworks";
				PRODUCT_BUNDLE_IDENTIFIER = JerryFans.JRNavigationPageVCDemo;
				PRODUCT_NAME = "$(TARGET_NAME)";
				SWIFT_OBJC_BRIDGING_HEADER = "JRNavigationPageVCDemo/SwiftViewController/Controller/JRNavigationPageVCDemo-Bridging-Header.h";
				SWIFT_VERSION = 4.0;
				TARGETED_DEVICE_FAMILY = "1,2";
			};
			name = Release;
		};
/* End XCBuildConfiguration section */

/* Begin XCConfigurationList section */
		B4804C3D1F14D51100E639AB /* Build configuration list for PBXProject "JRNavigationPageVCDemo" */ = {
			isa = XCConfigurationList;
			buildConfigurations = (
				B4804C561F14D51100E639AB /* Debug */,
				B4804C571F14D51100E639AB /* Release */,
			);
			defaultConfigurationIsVisible = 0;
			defaultConfigurationName = Release;
		};
		B4804C581F14D51100E639AB /* Build configuration list for PBXNativeTarget "JRNavigationPageVCDemo" */ = {
			isa = XCConfigurationList;
			buildConfigurations = (
				B4804C591F14D51100E639AB /* Debug */,
				B4804C5A1F14D51100E639AB /* Release */,
			);
			defaultConfigurationIsVisible = 0;
			defaultConfigurationName = Release;
		};
/* End XCConfigurationList section */
	};
	rootObject = B4804C3A1F14D51100E639AB /* Project object */;
}
